{
  "requires": true,
  "lockfileVersion": 1,
  "dependencies": {
    "create-next-app": {
      "version": "9.4.0",
      "resolved": "https://registry.npmjs.org/create-next-app/-/create-next-app-9.4.0.tgz",
      "integrity": "sha512-BtnaIZrgh7X9T5tba/NC0mSQtZ1nULJy3TmKftqvakcg52hFTgAntewH55BORODtivgxWif1/GXSFRAD4wz50Q=="
    },
    "g": {
      "version": "2.0.1",
      "resolved": "https://registry.npmjs.org/g/-/g-2.0.1.tgz",
      "integrity": "sha1-C1lj69DKcOO8jGdmk0oCGCHIuFc="
    }
  }
}
